
Microsoft Visual Studio Solution File, Format Version 12.00
# Visual Studio Version 17
VisualStudioVersion = 17.7.34221.43
MinimumVisualStudioVersion = 10.0.40219.1
Project("{FAE04EC0-301F-11D3-BF4B-00C04F79EFBC}") = "Notes.Identity", "Notes.Identity\Notes.Identity.csproj", "{95677ABF-24B9-4C17-B9B0-EF737CC5A72F}"
EndProject
Global
	GlobalSection(SolutionConfigurationPlatforms) = preSolution
		Debug|Any CPU = Debug|Any CPU
		Release|Any CPU = Release|Any CPU
	EndGlobalSection
	GlobalSection(ProjectConfigurationPlatforms) = postSolution
		{95677ABF-24B9-4C17-B9B0-EF737CC5A72F}.Debug|Any CPU.ActiveCfg = Debug|Any CPU
		{95677ABF-24B9-4C17-B9B0-EF737CC5A72F}.Debug|Any CPU.Build.0 = Debug|Any CPU
		{95677ABF-24B9-4C17-B9B0-EF737CC5A72F}.Release|Any CPU.ActiveCfg = Release|Any CPU
		{95677ABF-24B9-4C17-B9B0-EF737CC5A72F}.Release|Any CPU.Build.0 = Release|Any CPU
	EndGlobalSection
	GlobalSection(SolutionProperties) = preSolution
		HideSolutionNode = FALSE
	EndGlobalSection
	GlobalSection(ExtensibilityGlobals) = postSolution
		SolutionGuid = {74ED221C-E211-47CD-BEAE-FB6E56234B24}
	EndGlobalSection
EndGlobal
